
Microsoft Visual Studio Solution File, Format Version 12.00
# Visual Studio Version 16
VisualStudioVersion = 16.0.28527.54
MinimumVisualStudioVersion = 10.0.40219.1
Project("{FAE04EC0-301F-11D3-BF4B-00C04F79EFBC}") = "HelloWorldRUI", "HelloWorldRUI\HelloWorldRUI.csproj", "{2290CCD9-1A1F-4475-A1A5-1FA8BC392BDC}"
EndProject
Global
	GlobalSection(SolutionConfigurationPlatforms) = preSolution
		Debug|Any CPU = Debug|Any CPU
		Release|Any CPU = Release|Any CPU
	EndGlobalSection
	GlobalSection(ProjectConfigurationPlatforms) = postSolution
		{2290CCD9-1A1F-4475-A1A5-1FA8BC392BDC}.Debug|Any CPU.ActiveCfg = Debug|Any CPU
		{2290CCD9-1A1F-4475-A1A5-1FA8BC392BDC}.Debug|Any CPU.Build.0 = Debug|Any CPU
		{2290CCD9-1A1F-4475-A1A5-1FA8BC392BDC}.Release|Any CPU.ActiveCfg = Release|Any CPU
		{2290CCD9-1A1F-4475-A1A5-1FA8BC392BDC}.Release|Any CPU.Build.0 = Release|Any CPU
	EndGlobalSection
	GlobalSection(SolutionProperties) = preSolution
		HideSolutionNode = FALSE
	EndGlobalSection
	GlobalSection(ExtensibilityGlobals) = postSolution
		SolutionGuid = {2ECD8EEB-D41D-444B-8DE4-1E63C2E5CE9D}
	EndGlobalSection
EndGlobal
